<?xml version="1.0" encoding="UTF-8" standalone="yes" ?>
<CodeBlocks_project_file>
	<FileVersion major="1" minor="6" />
	<Project>
		<Option title="TeamKTextTwist" />
		<Option pch_mode="2" />
		<Option compiler="gcc" />
		<Build>
			<Target title="Debug">
				<Option output="bin/Debug/TeamKTextTwist" prefix_auto="1" extension_auto="1" />
				<Option object_output="obj/Debug/" />
				<Option type="1" />
				<Option compiler="gcc" />
				<Compiler>
					<Add option="-g" />
					<Add directory="View" />
					<Add directory="Resources" />
					<Add directory="Controller" />
					<Add directory="FileIO" />
					<Add directory="Model" />
					<Add directory="./" />
				</Compiler>
			</Target>
		</Build>
		<Compiler>
			<Add option="`fltk-config --cxxflags`" />
		</Compiler>
		<Linker>
			<Add option="`fltk-config --ldstaticflags`" />
		</Linker>
		<Unit filename="Controller/TextTwistController.cpp" />
		<Unit filename="Controller/TextTwistController.h" />
		<Unit filename="FileIO/DictionaryLoader.cpp" />
		<Unit filename="FileIO/DictionaryLoader.h" />
		<Unit filename="Model/TextTwistDictionary.cpp" />
		<Unit filename="Model/TextTwistDictionary.h" />
		<Unit filename="Resources/ResourceData.cpp" />
		<Unit filename="Resources/ResourceData.h" />
		<Unit filename="View/OkCancelWindow.cpp" />
		<Unit filename="View/OkCancelWindow.h" />
		<Unit filename="View/SettingsWindow.cpp" />
		<Unit filename="View/SettingsWindow.h" />
		<Unit filename="View/TextTwistWindow.cpp" />
		<Unit filename="View/TextTwistWindow.h" />
		<Unit filename="dictionary.txt" />
		<Unit filename="main.cpp" />
		<Extensions>
			<lib_finder disable_auto="1" />
		</Extensions>
	</Project>
</CodeBlocks_project_file>
